
Microsoft Visual Studio Solution File, Format Version 12.00
# Visual Studio Version 16
VisualStudioVersion = 16.0.31105.61
MinimumVisualStudioVersion = 10.0.40219.1
Project("{FAE04EC0-301F-11D3-BF4B-00C04F79EFBC}") = "APBD5", "APBD5.csproj", "{73323517-1565-4F95-98A2-1A97C7E25421}"
EndProject
Global
	GlobalSection(SolutionConfigurationPlatforms) = preSolution
		Debug|Any CPU = Debug|Any CPU
		Release|Any CPU = Release|Any CPU
	EndGlobalSection
	GlobalSection(ProjectConfigurationPlatforms) = postSolution
		{73323517-1565-4F95-98A2-1A97C7E25421}.Debug|Any CPU.ActiveCfg = Debug|Any CPU
		{73323517-1565-4F95-98A2-1A97C7E25421}.Debug|Any CPU.Build.0 = Debug|Any CPU
		{73323517-1565-4F95-98A2-1A97C7E25421}.Release|Any CPU.ActiveCfg = Release|Any CPU
		{73323517-1565-4F95-98A2-1A97C7E25421}.Release|Any CPU.Build.0 = Release|Any CPU
	EndGlobalSection
	GlobalSection(SolutionProperties) = preSolution
		HideSolutionNode = FALSE
	EndGlobalSection
	GlobalSection(ExtensibilityGlobals) = postSolution
		SolutionGuid = {108F18C6-D633-49A6-8397-80FA92527F31}
	EndGlobalSection
EndGlobal
