
Microsoft Visual Studio Solution File, Format Version 12.00
# Visual Studio Version 16
VisualStudioVersion = 16.0.31105.61
MinimumVisualStudioVersion = 10.0.40219.1
Project("{FAE04EC0-301F-11D3-BF4B-00C04F79EFBC}") = "Cw1", "Cw1\Cw1.csproj", "{21EABD2E-23D6-44AB-98E9-27E08F12E9EC}"
EndProject
Global
	GlobalSection(SolutionConfigurationPlatforms) = preSolution
		Debug|Any CPU = Debug|Any CPU
		Release|Any CPU = Release|Any CPU
	EndGlobalSection
	GlobalSection(ProjectConfigurationPlatforms) = postSolution
		{21EABD2E-23D6-44AB-98E9-27E08F12E9EC}.Debug|Any CPU.ActiveCfg = Debug|Any CPU
		{21EABD2E-23D6-44AB-98E9-27E08F12E9EC}.Debug|Any CPU.Build.0 = Debug|Any CPU
		{21EABD2E-23D6-44AB-98E9-27E08F12E9EC}.Release|Any CPU.ActiveCfg = Release|Any CPU
		{21EABD2E-23D6-44AB-98E9-27E08F12E9EC}.Release|Any CPU.Build.0 = Release|Any CPU
	EndGlobalSection
	GlobalSection(SolutionProperties) = preSolution
		HideSolutionNode = FALSE
	EndGlobalSection
	GlobalSection(ExtensibilityGlobals) = postSolution
		SolutionGuid = {1ECAB0EB-E3D2-4A46-902D-A98CAF0B99F7}
	EndGlobalSection
EndGlobal
